
Microsoft Visual Studio Solution File, Format Version 12.00
# Visual Studio Version 17
VisualStudioVersion = 17.0.31903.59
MinimumVisualStudioVersion = 10.0.40219.1
Project("{FAE04EC0-301F-11D3-BF4B-00C04F79EFBC}") = "TaskManager.API", "TaskManager.API\TaskManager.API.csproj", "{FB0028EB-63AF-4E25-BD97-E42515988648}"
EndProject
Project("{FAE04EC0-301F-11D3-BF4B-00C04F79EFBC}") = "TaskManager.Application", "TaskManager.Application\TaskManager.Application.csproj", "{A1B2C3D4-E5F6-4747-8899-AABBCCDDEEFF}"
EndProject
Project("{FAE04EC0-301F-11D3-BF4B-00C04F79EFBC}") = "TaskManager.Domain", "TaskManager.Domain\TaskManager.Domain.csproj", "{BD3B4DB7-4CBD-41CD-A1A0-01E07FEC51AA}"
EndProject
Project("{FAE04EC0-301F-11D3-BF4B-00C04F79EFBC}") = "TaskManager.Infrastructure", "TaskManager.Infrastructure\TaskManager.Infrastructure.csproj", "{C827448F-9170-42F8-BBFD-FAF7E2DA1CEE}"
EndProject
Global
	GlobalSection(SolutionConfigurationPlatforms) = preSolution
		Debug|Any CPU = Debug|Any CPU
		Debug|x64 = Debug|x64
		Debug|x86 = Debug|x86
		Release|Any CPU = Release|Any CPU
		Release|x64 = Release|x64
		Release|x86 = Release|x86
	EndGlobalSection
	GlobalSection(ProjectConfigurationPlatforms) = postSolution
		{FB0028EB-63AF-4E25-BD97-E42515988648}.Debug|Any CPU.ActiveCfg = Debug|Any CPU
		{FB0028EB-63AF-4E25-BD97-E42515988648}.Debug|Any CPU.Build.0 = Debug|Any CPU
		{FB0028EB-63AF-4E25-BD97-E42515988648}.Debug|x64.ActiveCfg = Debug|Any CPU
		{FB0028EB-63AF-4E25-BD97-E42515988648}.Debug|x64.Build.0 = Debug|Any CPU
		{FB0028EB-63AF-4E25-BD97-E42515988648}.Debug|x86.ActiveCfg = Debug|Any CPU
		{FB0028EB-63AF-4E25-BD97-E42515988648}.Debug|x86.Build.0 = Debug|Any CPU
		{FB0028EB-63AF-4E25-BD97-E42515988648}.Release|Any CPU.ActiveCfg = Release|Any CPU
		{FB0028EB-63AF-4E25-BD97-E42515988648}.Release|Any CPU.Build.0 = Release|Any CPU
		{FB0028EB-63AF-4E25-BD97-E42515988648}.Release|x64.ActiveCfg = Release|Any CPU
		{FB0028EB-63AF-4E25-BD97-E42515988648}.Release|x64.Build.0 = Release|Any CPU
		{FB0028EB-63AF-4E25-BD97-E42515988648}.Release|x86.ActiveCfg = Release|Any CPU
		{FB0028EB-63AF-4E25-BD97-E42515988648}.Release|x86.Build.0 = Release|Any CPU
		{A1B2C3D4-E5F6-4747-8899-AABBCCDDEEFF}.Debug|Any CPU.ActiveCfg = Debug|Any CPU
		{A1B2C3D4-E5F6-4747-8899-AABBCCDDEEFF}.Debug|Any CPU.Build.0 = Debug|Any CPU
		{A1B2C3D4-E5F6-4747-8899-AABBCCDDEEFF}.Debug|x64.ActiveCfg = Debug|Any CPU
		{A1B2C3D4-E5F6-4747-8899-AABBCCDDEEFF}.Debug|x64.Build.0 = Debug|Any CPU
		{A1B2C3D4-E5F6-4747-8899-AABBCCDDEEFF}.Debug|x86.ActiveCfg = Debug|Any CPU
		{A1B2C3D4-E5F6-4747-8899-AABBCCDDEEFF}.Debug|x86.Build.0 = Debug|Any CPU
		{A1B2C3D4-E5F6-4747-8899-AABBCCDDEEFF}.Release|Any CPU.ActiveCfg = Release|Any CPU
		{A1B2C3D4-E5F6-4747-8899-AABBCCDDEEFF}.Release|Any CPU.Build.0 = Release|Any CPU
		{A1B2C3D4-E5F6-4747-8899-AABBCCDDEEFF}.Release|x64.ActiveCfg = Release|Any CPU
		{A1B2C3D4-E5F6-4747-8899-AABBCCDDEEFF}.Release|x64.Build.0 = Release|Any CPU
		{A1B2C3D4-E5F6-4747-8899-AABBCCDDEEFF}.Release|x86.ActiveCfg = Release|Any CPU
		{A1B2C3D4-E5F6-4747-8899-AABBCCDDEEFF}.Release|x86.Build.0 = Release|Any CPU
		{BD3B4DB7-4CBD-41CD-A1A0-01E07FEC51AA}.Debug|Any CPU.ActiveCfg = Debug|Any CPU
		{BD3B4DB7-4CBD-41CD-A1A0-01E07FEC51AA}.Debug|Any CPU.Build.0 = Debug|Any CPU
		{BD3B4DB7-4CBD-41CD-A1A0-01E07FEC51AA}.Debug|x64.ActiveCfg = Debug|Any CPU
		{BD3B4DB7-4CBD-41CD-A1A0-01E07FEC51AA}.Debug|x64.Build.0 = Debug|Any CPU
		{BD3B4DB7-4CBD-41CD-A1A0-01E07FEC51AA}.Debug|x86.ActiveCfg = Debug|Any CPU
		{BD3B4DB7-4CBD-41CD-A1A0-01E07FEC51AA}.Debug|x86.Build.0 = Debug|Any CPU
		{BD3B4DB7-4CBD-41CD-A1A0-01E07FEC51AA}.Release|Any CPU.ActiveCfg = Release|Any CPU
		{BD3B4DB7-4CBD-41CD-A1A0-01E07FEC51AA}.Release|Any CPU.Build.0 = Release|Any CPU
		{BD3B4DB7-4CBD-41CD-A1A0-01E07FEC51AA}.Release|x64.ActiveCfg = Release|Any CPU
		{BD3B4DB7-4CBD-41CD-A1A0-01E07FEC51AA}.Release|x64.Build.0 = Release|Any CPU
		{BD3B4DB7-4CBD-41CD-A1A0-01E07FEC51AA}.Release|x86.ActiveCfg = Release|Any CPU
		{BD3B4DB7-4CBD-41CD-A1A0-01E07FEC51AA}.Release|x86.Build.0 = Release|Any CPU
		{C827448F-9170-42F8-BBFD-FAF7E2DA1CEE}.Debug|Any CPU.ActiveCfg = Debug|Any CPU
		{C827448F-9170-42F8-BBFD-FAF7E2DA1CEE}.Debug|Any CPU.Build.0 = Debug|Any CPU
		{C827448F-9170-42F8-BBFD-FAF7E2DA1CEE}.Debug|x64.ActiveCfg = Debug|Any CPU
		{C827448F-9170-42F8-BBFD-FAF7E2DA1CEE}.Debug|x64.Build.0 = Debug|Any CPU
		{C827448F-9170-42F8-BBFD-FAF7E2DA1CEE}.Debug|x86.ActiveCfg = Debug|Any CPU
		{C827448F-9170-42F8-BBFD-FAF7E2DA1CEE}.Debug|x86.Build.0 = Debug|Any CPU
		{C827448F-9170-42F8-BBFD-FAF7E2DA1CEE}.Release|Any CPU.ActiveCfg = Release|Any CPU
		{C827448F-9170-42F8-BBFD-FAF7E2DA1CEE}.Release|Any CPU.Build.0 = Release|Any CPU
		{C827448F-9170-42F8-BBFD-FAF7E2DA1CEE}.Release|x64.ActiveCfg = Release|Any CPU
		{C827448F-9170-42F8-BBFD-FAF7E2DA1CEE}.Release|x64.Build.0 = Release|Any CPU
		{C827448F-9170-42F8-BBFD-FAF7E2DA1CEE}.Release|x86.ActiveCfg = Release|Any CPU
		{C827448F-9170-42F8-BBFD-FAF7E2DA1CEE}.Release|x86.Build.0 = Release|Any CPU
	EndGlobalSection
	GlobalSection(SolutionProperties) = preSolution
		HideSolutionNode = FALSE
	EndGlobalSection
EndGlobal
